// !$*UTF8*$!
{
	archiveVersion = 1;
	classes = {
	};
	objectVersion = 46;
	objects = {

/* Begin PBXBuildFile section */
		5719474A1BE684350031FFFF /* LaunchScreen.storyboard in Resources */ = {isa = PBXBuildFile; fileRef = 571947491BE684350031FFFF /* LaunchScreen.storyboard */; };
		5727C3221BE629A8007E29E9 /* StopView.swift in Sources */ = {isa = PBXBuildFile; fileRef = 5727C3211BE629A8007E29E9 /* StopView.swift */; };
		5727C3251BE63F16007E29E9 /* StopDetailsViewController.swift in Sources */ = {isa = PBXBuildFile; fileRef = 5727C3241BE63F16007E29E9 /* StopDetailsViewController.swift */; };
		5727C3271BE659DA007E29E9 /* Departure.swift in Sources */ = {isa = PBXBuildFile; fileRef = 5727C3261BE659DA007E29E9 /* Departure.swift */; };
		5727C3291BE67644007E29E9 /* StopListViewController.swift in Sources */ = {isa = PBXBuildFile; fileRef = 5727C3281BE67644007E29E9 /* StopListViewController.swift */; };
		57C20B641BE3C37400C232E3 /* AppDelegate.swift in Sources */ = {isa = PBXBuildFile; fileRef = 57C20B631BE3C37400C232E3 /* AppDelegate.swift */; };
		57C20B661BE3C37400C232E3 /* MapViewController.swift in Sources */ = {isa = PBXBuildFile; fileRef = 57C20B651BE3C37400C232E3 /* MapViewController.swift */; };
		57C20B691BE3C37400C232E3 /* Main.storyboard in Resources */ = {isa = PBXBuildFile; fileRef = 57C20B671BE3C37400C232E3 /* Main.storyboard */; };
		57C20B6B1BE3C37400C232E3 /* Assets.xcassets in Resources */ = {isa = PBXBuildFile; fileRef = 57C20B6A1BE3C37400C232E3 /* Assets.xcassets */; };
		57C20B781BE3DE8100C232E3 /* Stop.swift in Sources */ = {isa = PBXBuildFile; fileRef = 57C20B771BE3DE8100C232E3 /* Stop.swift */; };
		57CE9DB01BE4CFCE004E8D8C /* GTT.swift in Sources */ = {isa = PBXBuildFile; fileRef = 57CE9DAF1BE4CFCE004E8D8C /* GTT.swift */; };
		57CE9DB21BE4D79D004E8D8C /* LineDepartures.swift in Sources */ = {isa = PBXBuildFile; fileRef = 57CE9DB11BE4D79D004E8D8C /* LineDepartures.swift */; };
		57FB33B01BE68C9B00B49D47 /* InfoPlist.strings in Resources */ = {isa = PBXBuildFile; fileRef = 571947511BE685A90031FFFF /* InfoPlist.strings */; };
/* End PBXBuildFile section */

/* Begin PBXFileReference section */
		571947491BE684350031FFFF /* LaunchScreen.storyboard */ = {isa = PBXFileReference; fileEncoding = 4; lastKnownFileType = file.storyboard; path = LaunchScreen.storyboard; sourceTree = "<group>"; };
		571947521BE685AC0031FFFF /* it */ = {isa = PBXFileReference; lastKnownFileType = text.plist.strings; name = it; path = it.lproj/InfoPlist.strings; sourceTree = "<group>"; };
		5727C3211BE629A8007E29E9 /* StopView.swift */ = {isa = PBXFileReference; fileEncoding = 4; lastKnownFileType = sourcecode.swift; path = StopView.swift; sourceTree = "<group>"; };
		5727C3241BE63F16007E29E9 /* StopDetailsViewController.swift */ = {isa = PBXFileReference; fileEncoding = 4; lastKnownFileType = sourcecode.swift; path = StopDetailsViewController.swift; sourceTree = "<group>"; };
		5727C3261BE659DA007E29E9 /* Departure.swift */ = {isa = PBXFileReference; fileEncoding = 4; lastKnownFileType = sourcecode.swift; path = Departure.swift; sourceTree = "<group>"; };
		5727C3281BE67644007E29E9 /* StopListViewController.swift */ = {isa = PBXFileReference; fileEncoding = 4; lastKnownFileType = sourcecode.swift; path = StopListViewController.swift; sourceTree = "<group>"; };
		5727C32A1BE68007007E29E9 /* it */ = {isa = PBXFileReference; lastKnownFileType = text.plist.strings; name = it; path = it.lproj/Main.strings; sourceTree = "<group>"; };
		57C20B601BE3C37400C232E3 /* TestGTT.app */ = {isa = PBXFileReference; explicitFileType = wrapper.application; includeInIndex = 0; path = TestGTT.app; sourceTree = BUILT_PRODUCTS_DIR; };
		57C20B631BE3C37400C232E3 /* AppDelegate.swift */ = {isa = PBXFileReference; lastKnownFileType = sourcecode.swift; path = AppDelegate.swift; sourceTree = "<group>"; };
		57C20B651BE3C37400C232E3 /* MapViewController.swift */ = {isa = PBXFileReference; lastKnownFileType = sourcecode.swift; path = MapViewController.swift; sourceTree = "<group>"; };
		57C20B681BE3C37400C232E3 /* Base */ = {isa = PBXFileReference; lastKnownFileType = file.storyboard; name = Base; path = Base.lproj/Main.storyboard; sourceTree = "<group>"; };
		57C20B6A1BE3C37400C232E3 /* Assets.xcassets */ = {isa = PBXFileReference; lastKnownFileType = folder.assetcatalog; path = Assets.xcassets; sourceTree = "<group>"; };
		57C20B771BE3DE8100C232E3 /* Stop.swift */ = {isa = PBXFileReference; fileEncoding = 4; lastKnownFileType = sourcecode.swift; path = Stop.swift; sourceTree = "<group>"; };
		57CE9DAF1BE4CFCE004E8D8C /* GTT.swift */ = {isa = PBXFileReference; fileEncoding = 4; lastKnownFileType = sourcecode.swift; path = GTT.swift; sourceTree = "<group>"; };
		57CE9DB11BE4D79D004E8D8C /* LineDepartures.swift */ = {isa = PBXFileReference; fileEncoding = 4; lastKnownFileType = sourcecode.swift; path = LineDepartures.swift; sourceTree = "<group>"; };
		57FB33AE1BE6879F00B49D47 /* Info.plist */ = {isa = PBXFileReference; fileEncoding = 4; lastKnownFileType = text.plist.xml; path = Info.plist; sourceTree = "<group>"; };
/* End PBXFileReference section */

/* Begin PBXFrameworksBuildPhase section */
		57C20B5D1BE3C37400C232E3 /* Frameworks */ = {
			isa = PBXFrameworksBuildPhase;
			buildActionMask = 2147483647;
			files = (
			);
			runOnlyForDeploymentPostprocessing = 0;
		};
/* End PBXFrameworksBuildPhase section */

/* Begin PBXGroup section */
		5727C3231BE629D8007E29E9 /* View */ = {
			isa = PBXGroup;
			children = (
				5727C3211BE629A8007E29E9 /* StopView.swift */,
			);
			name = View;
			sourceTree = "<group>";
		};
		57C20B571BE3C37400C232E3 = {
			isa = PBXGroup;
			children = (
				57C20B621BE3C37400C232E3 /* TestGTT */,
				57C20B611BE3C37400C232E3 /* Products */,
			);
			sourceTree = "<group>";
		};
		57C20B611BE3C37400C232E3 /* Products */ = {
			isa = PBXGroup;
			children = (
				57C20B601BE3C37400C232E3 /* TestGTT.app */,
			);
			name = Products;
			sourceTree = "<group>";
		};
		57C20B621BE3C37400C232E3 /* TestGTT */ = {
			isa = PBXGroup;
			children = (
				57C20B631BE3C37400C232E3 /* AppDelegate.swift */,
				57CE9DB31BE4D7D8004E8D8C /* Model */,
				57CE9DB41BE4D7FC004E8D8C /* Control */,
				5727C3231BE629D8007E29E9 /* View */,
				57C20B671BE3C37400C232E3 /* Main.storyboard */,
				571947491BE684350031FFFF /* LaunchScreen.storyboard */,
				57FB33AE1BE6879F00B49D47 /* Info.plist */,
				571947511BE685A90031FFFF /* InfoPlist.strings */,
				57C20B6A1BE3C37400C232E3 /* Assets.xcassets */,
			);
			path = TestGTT;
			sourceTree = "<group>";
		};
		57CE9DB31BE4D7D8004E8D8C /* Model */ = {
			isa = PBXGroup;
			children = (
				5727C3261BE659DA007E29E9 /* Departure.swift */,
				57CE9DAF1BE4CFCE004E8D8C /* GTT.swift */,
				57CE9DB11BE4D79D004E8D8C /* LineDepartures.swift */,
				57C20B771BE3DE8100C232E3 /* Stop.swift */,
			);
			name = Model;
			sourceTree = "<group>";
		};
		57CE9DB41BE4D7FC004E8D8C /* Control */ = {
			isa = PBXGroup;
			children = (
				57C20B651BE3C37400C232E3 /* MapViewController.swift */,
				5727C3241BE63F16007E29E9 /* StopDetailsViewController.swift */,
				5727C3281BE67644007E29E9 /* StopListViewController.swift */,
			);
			name = Control;
			sourceTree = "<group>";
		};
/* End PBXGroup section */

/* Begin PBXNativeTarget section */
		57C20B5F1BE3C37400C232E3 /* TestGTT */ = {
			isa = PBXNativeTarget;
			buildConfigurationList = 57C20B721BE3C37400C232E3 /* Build configuration list for PBXNativeTarget "TestGTT" */;
			buildPhases = (
				57C20B5C1BE3C37400C232E3 /* Sources */,
				57C20B5D1BE3C37400C232E3 /* Frameworks */,
				57C20B5E1BE3C37400C232E3 /* Resources */,
			);
			buildRules = (
			);
			dependencies = (
			);
			name = TestGTT;
			productName = TestGTT;
			productReference = 57C20B601BE3C37400C232E3 /* TestGTT.app */;
			productType = "com.apple.product-type.application";
		};
/* End PBXNativeTarget section */

/* Begin PBXProject section */
		57C20B581BE3C37400C232E3 /* Project object */ = {
			isa = PBXProject;
			attributes = {
				LastSwiftUpdateCheck = 0710;
				LastUpgradeCheck = 0710;
				ORGANIZATIONNAME = "Giovanni Coriasco";
				TargetAttributes = {
					57C20B5F1BE3C37400C232E3 = {
						CreatedOnToolsVersion = 7.1;
						DevelopmentTeam = XPMAZV3YQ6;
						SystemCapabilities = {
							com.apple.Maps.iOS = {
								enabled = 0;
							};
						};
					};
				};
			};
			buildConfigurationList = 57C20B5B1BE3C37400C232E3 /* Build configuration list for PBXProject "TestGTT" */;
			compatibilityVersion = "Xcode 3.2";
			developmentRegion = English;
			hasScannedForEncodings = 0;
			knownRegions = (
				en,
				Base,
				it,
			);
			mainGroup = 57C20B571BE3C37400C232E3;
			productRefGroup = 57C20B611BE3C37400C232E3 /* Products */;
			projectDirPath = "";
			projectRoot = "";
			targets = (
				57C20B5F1BE3C37400C232E3 /* TestGTT */,
			);
		};
/* End PBXProject section */

/* Begin PBXResourcesBuildPhase section */
		57C20B5E1BE3C37400C232E3 /* Resources */ = {
			isa = PBXResourcesBuildPhase;
			buildActionMask = 2147483647;
			files = (
				5719474A1BE684350031FFFF /* LaunchScreen.storyboard in Resources */,
				57C20B6B1BE3C37400C232E3 /* Assets.xcassets in Resources */,
				57C20B691BE3C37400C232E3 /* Main.storyboard in Resources */,
				57FB33B01BE68C9B00B49D47 /* InfoPlist.strings in Resources */,
			);
			runOnlyForDeploymentPostprocessing = 0;
		};
/* End PBXResourcesBuildPhase section */

/* Begin PBXSourcesBuildPhase section */
		57C20B5C1BE3C37400C232E3 /* Sources */ = {
			isa = PBXSourcesBuildPhase;
			buildActionMask = 2147483647;
			files = (
				57C20B781BE3DE8100C232E3 /* Stop.swift in Sources */,
				57C20B661BE3C37400C232E3 /* MapViewController.swift in Sources */,
				5727C3251BE63F16007E29E9 /* StopDetailsViewController.swift in Sources */,
				57C20B641BE3C37400C232E3 /* AppDelegate.swift in Sources */,
				57CE9DB01BE4CFCE004E8D8C /* GTT.swift in Sources */,
				5727C3291BE67644007E29E9 /* StopListViewController.swift in Sources */,
				5727C3221BE629A8007E29E9 /* StopView.swift in Sources */,
				5727C3271BE659DA007E29E9 /* Departure.swift in Sources */,
				57CE9DB21BE4D79D004E8D8C /* LineDepartures.swift in Sources */,
			);
			runOnlyForDeploymentPostprocessing = 0;
		};
/* End PBXSourcesBuildPhase section */

/* Begin PBXVariantGroup section */
		571947511BE685A90031FFFF /* InfoPlist.strings */ = {
			isa = PBXVariantGroup;
			children = (
				571947521BE685AC0031FFFF /* it */,
			);
			name = InfoPlist.strings;
			sourceTree = "<group>";
		};
		57C20B671BE3C37400C232E3 /* Main.storyboard */ = {
			isa = PBXVariantGroup;
			children = (
				57C20B681BE3C37400C232E3 /* Base */,
				5727C32A1BE68007007E29E9 /* it */,
			);
			name = Main.storyboard;
			sourceTree = "<group>";
		};
/* End PBXVariantGroup section */

/* Begin XCBuildConfiguration section */
		57C20B701BE3C37400C232E3 /* Debug */ = {
			isa = XCBuildConfiguration;
			buildSettings = {
				ALWAYS_SEARCH_USER_PATHS = NO;
				CLANG_CXX_LANGUAGE_STANDARD = "gnu++0x";
				CLANG_CXX_LIBRARY = "libc++";
				CLANG_ENABLE_MODULES = YES;
				CLANG_ENABLE_OBJC_ARC = YES;
				CLANG_WARN_BOOL_CONVERSION = YES;
				CLANG_WARN_CONSTANT_CONVERSION = YES;
				CLANG_WARN_DIRECT_OBJC_ISA_USAGE = YES_ERROR;
				CLANG_WARN_EMPTY_BODY = YES;
				CLANG_WARN_ENUM_CONVERSION = YES;
				CLANG_WARN_INT_CONVERSION = YES;
				CLANG_WARN_OBJC_ROOT_CLASS = YES_ERROR;
				CLANG_WARN_UNREACHABLE_CODE = YES;
				CLANG_WARN__DUPLICATE_METHOD_MATCH = YES;
				"CODE_SIGN_IDENTITY[sdk=iphoneos*]" = "iPhone Developer";
				COPY_PHASE_STRIP = NO;
				DEBUG_INFORMATION_FORMAT = dwarf;
				ENABLE_STRICT_OBJC_MSGSEND = YES;
				ENABLE_TESTABILITY = YES;
				GCC_C_LANGUAGE_STANDARD = gnu99;
				GCC_DYNAMIC_NO_PIC = NO;
				GCC_NO_COMMON_BLOCKS = YES;
				GCC_OPTIMIZATION_LEVEL = 0;
				GCC_PREPROCESSOR_DEFINITIONS = (
					"DEBUG=1",
					"$(inherited)",
				);
				GCC_WARN_64_TO_32_BIT_CONVERSION = YES;
				GCC_WARN_ABOUT_RETURN_TYPE = YES_ERROR;
				GCC_WARN_UNDECLARED_SELECTOR = YES;
				GCC_WARN_UNINITIALIZED_AUTOS = YES_AGGRESSIVE;
				GCC_WARN_UNUSED_FUNCTION = YES;
				GCC_WARN_UNUSED_VARIABLE = YES;
				IPHONEOS_DEPLOYMENT_TARGET = 9.1;
				MTL_ENABLE_DEBUG_INFO = YES;
				ONLY_ACTIVE_ARCH = YES;
				SDKROOT = iphoneos;
				SWIFT_OPTIMIZATION_LEVEL = "-Onone";
				TARGETED_DEVICE_FAMILY = "1,2";
			};
			name = Debug;
		};
		57C20B711BE3C37400C232E3 /* Release */ = {
			isa = XCBuildConfiguration;
			buildSettings = {
				ALWAYS_SEARCH_USER_PATHS = NO;
				CLANG_CXX_LANGUAGE_STANDARD = "gnu++0x";
				CLANG_CXX_LIBRARY = "libc++";
				CLANG_ENABLE_MODULES = YES;
				CLANG_ENABLE_OBJC_ARC = YES;
				CLANG_WARN_BOOL_CONVERSION = YES;
				CLANG_WARN_CONSTANT_CONVERSION = YES;
				CLANG_WARN_DIRECT_OBJC_ISA_USAGE = YES_ERROR;
				CLANG_WARN_EMPTY_BODY = YES;
				CLANG_WARN_ENUM_CONVERSION = YES;
				CLANG_WARN_INT_CONVERSION = YES;
				CLANG_WARN_OBJC_ROOT_CLASS = YES_ERROR;
				CLANG_WARN_UNREACHABLE_CODE = YES;
				CLANG_WARN__DUPLICATE_METHOD_MATCH = YES;
				"CODE_SIGN_IDENTITY[sdk=iphoneos*]" = "iPhone Developer";
				COPY_PHASE_STRIP = NO;
				DEBUG_INFORMATION_FORMAT = "dwarf-with-dsym";
				ENABLE_NS_ASSERTIONS = NO;
				ENABLE_STRICT_OBJC_MSGSEND = YES;
				GCC_C_LANGUAGE_STANDARD = gnu99;
				GCC_NO_COMMON_BLOCKS = YES;
				GCC_WARN_64_TO_32_BIT_CONVERSION = YES;
				GCC_WARN_ABOUT_RETURN_TYPE = YES_ERROR;
				GCC_WARN_UNDECLARED_SELECTOR = YES;
				GCC_WARN_UNINITIALIZED_AUTOS = YES_AGGRESSIVE;
				GCC_WARN_UNUSED_FUNCTION = YES;
				GCC_WARN_UNUSED_VARIABLE = YES;
				IPHONEOS_DEPLOYMENT_TARGET = 9.1;
				MTL_ENABLE_DEBUG_INFO = NO;
				SDKROOT = iphoneos;
				TARGETED_DEVICE_FAMILY = "1,2";
				VALIDATE_PRODUCT = YES;
			};
			name = Release;
		};
		57C20B731BE3C37400C232E3 /* Debug */ = {
			isa = XCBuildConfiguration;
			buildSettings = {
				ASSETCATALOG_COMPILER_APPICON_NAME = AppIcon;
				INFOPLIST_FILE = TestGTT/Info.plist;
				LD_RUNPATH_SEARCH_PATHS = "$(inherited) @executable_path/Frameworks";
				PRODUCT_BUNDLE_IDENTIFIER = gcoriasco.TestGTT;
				PRODUCT_NAME = "$(TARGET_NAME)";
			};
			name = Debug;
		};
		57C20B741BE3C37400C232E3 /* Release */ = {
			isa = XCBuildConfiguration;
			buildSettings = {
				ASSETCATALOG_COMPILER_APPICON_NAME = AppIcon;
				INFOPLIST_FILE = TestGTT/Info.plist;
				LD_RUNPATH_SEARCH_PATHS = "$(inherited) @executable_path/Frameworks";
				PRODUCT_BUNDLE_IDENTIFIER = gcoriasco.TestGTT;
				PRODUCT_NAME = "$(TARGET_NAME)";
			};
			name = Release;
		};
/* End XCBuildConfiguration section */

/* Begin XCConfigurationList section */
		57C20B5B1BE3C37400C232E3 /* Build configuration list for PBXProject "TestGTT" */ = {
			isa = XCConfigurationList;
			buildConfigurations = (
				57C20B701BE3C37400C232E3 /* Debug */,
				57C20B711BE3C37400C232E3 /* Release */,
			);
			defaultConfigurationIsVisible = 0;
			defaultConfigurationName = Release;
		};
		57C20B721BE3C37400C232E3 /* Build configuration list for PBXNativeTarget "TestGTT" */ = {
			isa = XCConfigurationList;
			buildConfigurations = (
				57C20B731BE3C37400C232E3 /* Debug */,
				57C20B741BE3C37400C232E3 /* Release */,
			);
			defaultConfigurationIsVisible = 0;
			defaultConfigurationName = Release;
		};
/* End XCConfigurationList section */
	};
	rootObject = 57C20B581BE3C37400C232E3 /* Project object */;
}
